
Microsoft Visual Studio Solution File, Format Version 12.00
# 
VisualStudioVersion = 17.5.002.0
MinimumVisualStudioVersion = 
Project("{2150E333-8FDC-42A3-9474-1A3956D46DE8}") = "01", "01", "{02CE22DF-E8C6-4C86-8A2E-650135D1F6DA}"
EndProject
Project("{FAE04EC0-301F-11D3-BF4B-00C04F79EFBC}") = "Projet1Dotnet8", "Projet1Dotnet8\Projet1Dotnet8.csproj", "{28A7F00F-92D8-48CA-B6C7-AD0E5821CA60}"
EndProject
Project("{FAE04EC0-301F-11D3-BF4B-00C04F79EFBC}") = "Projet1Dotnet9", "Projet1Dotnet9\Projet1Dotnet9.csproj", "{389B9805-2611-472C-A653-E6FBDA6F730D}"
EndProject
Project("{2150E333-8FDC-42A3-9474-1A3956D46DE8}") = "02", "02", "{EC403052-72B3-460C-BDA8-D34B33915AFD}"
EndProject
Project("{FAE04EC0-301F-11D3-BF4B-00C04F79EFBC}") = "Projet2Dotnet8", "Projet2Dotnet8\Projet2Dotnet8.csproj", "{0AE15F59-3401-473F-8013-F4AF7D6268A1}"
EndProject
Project("{FAE04EC0-301F-11D3-BF4B-00C04F79EFBC}") = "Projet2Dotnet9", "Projet2Dotnet9\Projet2Dotnet9.csproj", "{FEA1B564-582D-439F-8B4C-F5A21A40F024}"
EndProject
Project("{2150E333-8FDC-42A3-9474-1A3956D46DE8}") = "03", "03", "{8FB65EB3-4057-4B6F-9F65-7A118426262E}"
EndProject
Project("{FAE04EC0-301F-11D3-BF4B-00C04F79EFBC}") = "Projet3Dotnet8", "Projet3Dotnet8\Projet3Dotnet8.csproj", "{CC4540B0-FE17-4C52-A72C-619D6C531E58}"
EndProject
Project("{FAE04EC0-301F-11D3-BF4B-00C04F79EFBC}") = "Projet3Dotnet9", "Projet3Dotnet9\Projet3Dotnet9.csproj", "{E42C7D93-0608-40F0-8398-DD60232F9E8E}"
EndProject
Project("{2150E333-8FDC-42A3-9474-1A3956D46DE8}") = "04", "04", "{79EEF7F4-9A7A-4398-B1B6-6A6088CF1AC0}"
EndProject
Project("{FAE04EC0-301F-11D3-BF4B-00C04F79EFBC}") = "Projet4Dotnet8", "Projet4Dotnet8\Projet4Dotnet8.csproj", "{3700B60D-1743-4F67-8545-F14607F3B07E}"
EndProject
Project("{FAE04EC0-301F-11D3-BF4B-00C04F79EFBC}") = "Projet4Dotnet9", "Projet4Dotnet9\Projet4Dotnet9.csproj", "{8CDAAA19-DE90-420D-BE65-8E4588AA0C9D}"
EndProject
Project("{2150E333-8FDC-42A3-9474-1A3956D46DE8}") = "05", "05", "{A93BDB38-D401-4D66-B49F-AE54043FD57B}"
EndProject
Project("{FAE04EC0-301F-11D3-BF4B-00C04F79EFBC}") = "Projet5Dotnet8", "Projet5Dotnet8\Projet5Dotnet8.csproj", "{02EEFCC7-5082-46D0-B0A0-D523F4AA04DD}"
EndProject
Project("{FAE04EC0-301F-11D3-BF4B-00C04F79EFBC}") = "Projet5Dotnet9", "Projet5Dotnet9\Projet5Dotnet9.csproj", "{BFC16E0E-5F9F-4696-8ACD-136BE78CA3D4}"
EndProject
Project("{2150E333-8FDC-42A3-9474-1A3956D46DE8}") = "06", "06", "{D3BB5D7B-9CDF-401A-9FD1-7B91F3434C8E}"
EndProject
Project("{FAE04EC0-301F-11D3-BF4B-00C04F79EFBC}") = "Projet6Dotnet8", "Projet6Dotnet8\Projet6Dotnet8.csproj", "{292FAF53-B4D7-4C36-BE5B-34AC5E68B19A}"
EndProject
Project("{FAE04EC0-301F-11D3-BF4B-00C04F79EFBC}") = "Projet6Dotnet9", "Projet6Dotnet9\Projet6Dotnet9.csproj", "{FA4ABD00-DF46-4B0D-9FE5-932259C6C379}"
EndProject
Global
	GlobalSection(SolutionConfigurationPlatforms) = preSolution
		Debug|Any CPU = Debug|Any CPU
		Release|Any CPU = Release|Any CPU
	EndGlobalSection
	GlobalSection(ProjectConfigurationPlatforms) = postSolution
		{28A7F00F-92D8-48CA-B6C7-AD0E5821CA60}.Debug|Any CPU.ActiveCfg = Debug|Any CPU
		{28A7F00F-92D8-48CA-B6C7-AD0E5821CA60}.Debug|Any CPU.Build.0 = Debug|Any CPU
		{28A7F00F-92D8-48CA-B6C7-AD0E5821CA60}.Release|Any CPU.ActiveCfg = Release|Any CPU
		{28A7F00F-92D8-48CA-B6C7-AD0E5821CA60}.Release|Any CPU.Build.0 = Release|Any CPU
		{389B9805-2611-472C-A653-E6FBDA6F730D}.Debug|Any CPU.ActiveCfg = Debug|Any CPU
		{389B9805-2611-472C-A653-E6FBDA6F730D}.Debug|Any CPU.Build.0 = Debug|Any CPU
		{389B9805-2611-472C-A653-E6FBDA6F730D}.Release|Any CPU.ActiveCfg = Release|Any CPU
		{389B9805-2611-472C-A653-E6FBDA6F730D}.Release|Any CPU.Build.0 = Release|Any CPU
		{0AE15F59-3401-473F-8013-F4AF7D6268A1}.Debug|Any CPU.ActiveCfg = Debug|Any CPU
		{0AE15F59-3401-473F-8013-F4AF7D6268A1}.Debug|Any CPU.Build.0 = Debug|Any CPU
		{0AE15F59-3401-473F-8013-F4AF7D6268A1}.Release|Any CPU.ActiveCfg = Release|Any CPU
		{0AE15F59-3401-473F-8013-F4AF7D6268A1}.Release|Any CPU.Build.0 = Release|Any CPU
		{FEA1B564-582D-439F-8B4C-F5A21A40F024}.Debug|Any CPU.ActiveCfg = Debug|Any CPU
		{FEA1B564-582D-439F-8B4C-F5A21A40F024}.Debug|Any CPU.Build.0 = Debug|Any CPU
		{FEA1B564-582D-439F-8B4C-F5A21A40F024}.Release|Any CPU.ActiveCfg = Release|Any CPU
		{FEA1B564-582D-439F-8B4C-F5A21A40F024}.Release|Any CPU.Build.0 = Release|Any CPU
		{CC4540B0-FE17-4C52-A72C-619D6C531E58}.Debug|Any CPU.ActiveCfg = Debug|Any CPU
		{CC4540B0-FE17-4C52-A72C-619D6C531E58}.Debug|Any CPU.Build.0 = Debug|Any CPU
		{CC4540B0-FE17-4C52-A72C-619D6C531E58}.Release|Any CPU.ActiveCfg = Release|Any CPU
		{CC4540B0-FE17-4C52-A72C-619D6C531E58}.Release|Any CPU.Build.0 = Release|Any CPU
		{E42C7D93-0608-40F0-8398-DD60232F9E8E}.Debug|Any CPU.ActiveCfg = Debug|Any CPU
		{E42C7D93-0608-40F0-8398-DD60232F9E8E}.Debug|Any CPU.Build.0 = Debug|Any CPU
		{E42C7D93-0608-40F0-8398-DD60232F9E8E}.Release|Any CPU.ActiveCfg = Release|Any CPU
		{E42C7D93-0608-40F0-8398-DD60232F9E8E}.Release|Any CPU.Build.0 = Release|Any CPU
		{3700B60D-1743-4F67-8545-F14607F3B07E}.Debug|Any CPU.ActiveCfg = Debug|Any CPU
		{3700B60D-1743-4F67-8545-F14607F3B07E}.Debug|Any CPU.Build.0 = Debug|Any CPU
		{3700B60D-1743-4F67-8545-F14607F3B07E}.Release|Any CPU.ActiveCfg = Release|Any CPU
		{3700B60D-1743-4F67-8545-F14607F3B07E}.Release|Any CPU.Build.0 = Release|Any CPU
		{8CDAAA19-DE90-420D-BE65-8E4588AA0C9D}.Debug|Any CPU.ActiveCfg = Debug|Any CPU
		{8CDAAA19-DE90-420D-BE65-8E4588AA0C9D}.Debug|Any CPU.Build.0 = Debug|Any CPU
		{8CDAAA19-DE90-420D-BE65-8E4588AA0C9D}.Release|Any CPU.ActiveCfg = Release|Any CPU
		{8CDAAA19-DE90-420D-BE65-8E4588AA0C9D}.Release|Any CPU.Build.0 = Release|Any CPU
		{02EEFCC7-5082-46D0-B0A0-D523F4AA04DD}.Debug|Any CPU.ActiveCfg = Debug|Any CPU
		{02EEFCC7-5082-46D0-B0A0-D523F4AA04DD}.Debug|Any CPU.Build.0 = Debug|Any CPU
		{02EEFCC7-5082-46D0-B0A0-D523F4AA04DD}.Release|Any CPU.ActiveCfg = Release|Any CPU
		{02EEFCC7-5082-46D0-B0A0-D523F4AA04DD}.Release|Any CPU.Build.0 = Release|Any CPU
		{BFC16E0E-5F9F-4696-8ACD-136BE78CA3D4}.Debug|Any CPU.ActiveCfg = Debug|Any CPU
		{BFC16E0E-5F9F-4696-8ACD-136BE78CA3D4}.Debug|Any CPU.Build.0 = Debug|Any CPU
		{BFC16E0E-5F9F-4696-8ACD-136BE78CA3D4}.Release|Any CPU.ActiveCfg = Release|Any CPU
		{BFC16E0E-5F9F-4696-8ACD-136BE78CA3D4}.Release|Any CPU.Build.0 = Release|Any CPU
		{292FAF53-B4D7-4C36-BE5B-34AC5E68B19A}.Debug|Any CPU.ActiveCfg = Debug|Any CPU
		{292FAF53-B4D7-4C36-BE5B-34AC5E68B19A}.Debug|Any CPU.Build.0 = Debug|Any CPU
		{292FAF53-B4D7-4C36-BE5B-34AC5E68B19A}.Release|Any CPU.ActiveCfg = Release|Any CPU
		{292FAF53-B4D7-4C36-BE5B-34AC5E68B19A}.Release|Any CPU.Build.0 = Release|Any CPU
		{FA4ABD00-DF46-4B0D-9FE5-932259C6C379}.Debug|Any CPU.ActiveCfg = Debug|Any CPU
		{FA4ABD00-DF46-4B0D-9FE5-932259C6C379}.Debug|Any CPU.Build.0 = Debug|Any CPU
		{FA4ABD00-DF46-4B0D-9FE5-932259C6C379}.Release|Any CPU.ActiveCfg = Release|Any CPU
		{FA4ABD00-DF46-4B0D-9FE5-932259C6C379}.Release|Any CPU.Build.0 = Release|Any CPU
	EndGlobalSection
	GlobalSection(SolutionProperties) = preSolution
		HideSolutionNode = FALSE
	EndGlobalSection
	GlobalSection(NestedProjects) = preSolution
		{28A7F00F-92D8-48CA-B6C7-AD0E5821CA60} = {02CE22DF-E8C6-4C86-8A2E-650135D1F6DA}
		{389B9805-2611-472C-A653-E6FBDA6F730D} = {02CE22DF-E8C6-4C86-8A2E-650135D1F6DA}
		{0AE15F59-3401-473F-8013-F4AF7D6268A1} = {EC403052-72B3-460C-BDA8-D34B33915AFD}
		{FEA1B564-582D-439F-8B4C-F5A21A40F024} = {EC403052-72B3-460C-BDA8-D34B33915AFD}
		{CC4540B0-FE17-4C52-A72C-619D6C531E58} = {8FB65EB3-4057-4B6F-9F65-7A118426262E}
		{E42C7D93-0608-40F0-8398-DD60232F9E8E} = {8FB65EB3-4057-4B6F-9F65-7A118426262E}
		{3700B60D-1743-4F67-8545-F14607F3B07E} = {79EEF7F4-9A7A-4398-B1B6-6A6088CF1AC0}
		{8CDAAA19-DE90-420D-BE65-8E4588AA0C9D} = {79EEF7F4-9A7A-4398-B1B6-6A6088CF1AC0}
		{02EEFCC7-5082-46D0-B0A0-D523F4AA04DD} = {A93BDB38-D401-4D66-B49F-AE54043FD57B}
		{BFC16E0E-5F9F-4696-8ACD-136BE78CA3D4} = {A93BDB38-D401-4D66-B49F-AE54043FD57B}
		{292FAF53-B4D7-4C36-BE5B-34AC5E68B19A} = {D3BB5D7B-9CDF-401A-9FD1-7B91F3434C8E}
		{FA4ABD00-DF46-4B0D-9FE5-932259C6C379} = {D3BB5D7B-9CDF-401A-9FD1-7B91F3434C8E}
	EndGlobalSection
EndGlobal
